{
    "name": "my-workspaces-powered-project",
    "lockfileVersion": 3,
    "requires": true,
    "packages": {
        "": {
            "name": "my-workspaces-powered-project",
            "workspaces": [
                "packages/domain",
                "packages/infra"
            ]
        },
        "node_modules/domain_application": {
            "resolved": "packages/domain",
            "link": true
        },
        "node_modules/infra": {
            "resolved": "packages/infra",
            "link": true
        },
        "node_modules/typescript": {
            "version": "5.3.3",
            "resolved": "https://registry.npmjs.org/typescript/-/typescript-5.3.3.tgz",
            "integrity": "sha512-pXWcraxM0uxAS+tN0AG/BF2TyqmHO014Z070UsJ+pFvYuRSq8KH8DmWpnbXe0pEPDHXZV3FcAbJkijJ5oNEnWw==",
            "dev": true,
            "bin": {
                "tsc": "bin/tsc",
                "tsserver": "bin/tsserver"
            },
            "engines": {
                "node": ">=14.17"
            }
        },
        "packages/domain": {
            "name": "domain_application",
            "version": "1.0.0",
            "license": "ISC",
            "devDependencies": {
                "typescript": "^5.3.3"
            }
        },
        "packages/infra": {
            "version": "1.0.0",
            "license": "ISC",
            "devDependencies": {
                "typescript": "^5.3.3"
            }
        }
    }
}
